{
  "name": "redwolf3-skills",
  "version": "1.0.0",
  "lockfileVersion": 3,
  "requires": true,
  "packages": {
    "": {
      "name": "redwolf3-skills",
      "version": "1.0.0",
      "license": "MIT",
      "bin": {
        "redwolf3-skills": "bin/cli.js"
      },
      "engines": {
        "node": ">=20"
      }
    }
  }
}
